
Microsoft Visual Studio Solution File, Format Version 12.00
# Visual Studio Version 16
VisualStudioVersion = 16.0.28902.138
MinimumVisualStudioVersion = 10.0.40219.1
Project("{FAE04EC0-301F-11D3-BF4B-00C04F79EFBC}") = "ConsoleApp1", "ConsoleApp1\ConsoleApp1.csproj", "{3929B439-8E11-49A2-A1CB-9291041036A7}"
EndProject
Global
	GlobalSection(SolutionConfigurationPlatforms) = preSolution
		Debug|Any CPU = Debug|Any CPU
		Release|Any CPU = Release|Any CPU
	EndGlobalSection
	GlobalSection(ProjectConfigurationPlatforms) = postSolution
		{3929B439-8E11-49A2-A1CB-9291041036A7}.Debug|Any CPU.ActiveCfg = Debug|Any CPU
		{3929B439-8E11-49A2-A1CB-9291041036A7}.Debug|Any CPU.Build.0 = Debug|Any CPU
		{3929B439-8E11-49A2-A1CB-9291041036A7}.Release|Any CPU.ActiveCfg = Release|Any CPU
		{3929B439-8E11-49A2-A1CB-9291041036A7}.Release|Any CPU.Build.0 = Release|Any CPU
	EndGlobalSection
	GlobalSection(SolutionProperties) = preSolution
		HideSolutionNode = FALSE
	EndGlobalSection
	GlobalSection(ExtensibilityGlobals) = postSolution
		SolutionGuid = {8BEF96C5-6DF2-4E60-8A6F-3E78DD64104A}
	EndGlobalSection
EndGlobal
